// !$*UTF8*$!
{
	archiveVersion = 1;
	classes = {
	};
	objectVersion = 56;
	objects = {

/* Begin PBXBuildFile section */
		2BFFB1836BF8BF556E25628B /* Pods_SDU_NewsTests.framework in Frameworks */ = {isa = PBXBuildFile; fileRef = 080DC868B72D189952FEFD23 /* Pods_SDU_NewsTests.framework */; };
		D106E7AA299FF46E00F11079 /* AppDelegate.swift in Sources */ = {isa = PBXBuildFile; fileRef = D106E7A9299FF46E00F11079 /* AppDelegate.swift */; };
		D106E7AC299FF46E00F11079 /* SceneDelegate.swift in Sources */ = {isa = PBXBuildFile; fileRef = D106E7AB299FF46E00F11079 /* SceneDelegate.swift */; };
		D106E7AE299FF46E00F11079 /* TabbarViewController.swift in Sources */ = {isa = PBXBuildFile; fileRef = D106E7AD299FF46E00F11079 /* TabbarViewController.swift */; };
		D106E7B4299FF46F00F11079 /* SDU_News.xcdatamodeld in Sources */ = {isa = PBXBuildFile; fileRef = D106E7B2299FF46F00F11079 /* SDU_News.xcdatamodeld */; };
		D106E7B6299FF46F00F11079 /* Assets.xcassets in Resources */ = {isa = PBXBuildFile; fileRef = D106E7B5299FF46F00F11079 /* Assets.xcassets */; };
		D106E7B9299FF46F00F11079 /* LaunchScreen.storyboard in Resources */ = {isa = PBXBuildFile; fileRef = D106E7B7299FF46F00F11079 /* LaunchScreen.storyboard */; };
		D106E7C4299FF46F00F11079 /* SDU_NewsTests.swift in Sources */ = {isa = PBXBuildFile; fileRef = D106E7C3299FF46F00F11079 /* SDU_NewsTests.swift */; };
		D106E7CE299FF46F00F11079 /* SDU_NewsUITests.swift in Sources */ = {isa = PBXBuildFile; fileRef = D106E7CD299FF46F00F11079 /* SDU_NewsUITests.swift */; };
		D106E7D0299FF46F00F11079 /* SDU_NewsUITestsLaunchTests.swift in Sources */ = {isa = PBXBuildFile; fileRef = D106E7CF299FF46F00F11079 /* SDU_NewsUITestsLaunchTests.swift */; };
		D128EB5829D574D000649EF6 /* Poppins-Bold.ttf in Resources */ = {isa = PBXBuildFile; fileRef = D128EB5729D574D000649EF6 /* Poppins-Bold.ttf */; };
		D128EB5A29D574DF00649EF6 /* Poppins-Regular.ttf in Resources */ = {isa = PBXBuildFile; fileRef = D128EB5929D574DF00649EF6 /* Poppins-Regular.ttf */; };
		D128EB5E29D7682400649EF6 /* LostAndFoundCollectionViewCell.swift in Sources */ = {isa = PBXBuildFile; fileRef = D128EB5D29D7682300649EF6 /* LostAndFoundCollectionViewCell.swift */; };
		D14068E629DEB37200DC218A /* ClubsListViewController.swift in Sources */ = {isa = PBXBuildFile; fileRef = D14068E529DEB37200DC218A /* ClubsListViewController.swift */; };
		D14068E829DF393900DC218A /* CardsCollectionViewCell.swift in Sources */ = {isa = PBXBuildFile; fileRef = D14068E729DF393900DC218A /* CardsCollectionViewCell.swift */; };
		D14068EB29E0316500DC218A /* ClubDetailsViewController.swift in Sources */ = {isa = PBXBuildFile; fileRef = D14068EA29E0316500DC218A /* ClubDetailsViewController.swift */; };
		D14068ED29E6B94100DC218A /* ClubNewsTableViewCell.swift in Sources */ = {isa = PBXBuildFile; fileRef = D14068EC29E6B94100DC218A /* ClubNewsTableViewCell.swift */; };
		D170863B29C2EDEF00AC7E60 /* HomeViewController.swift in Sources */ = {isa = PBXBuildFile; fileRef = D170863A29C2EDEF00AC7E60 /* HomeViewController.swift */; };
		D170863D29C2EDFE00AC7E60 /* NewsViewController.swift in Sources */ = {isa = PBXBuildFile; fileRef = D170863C29C2EDFE00AC7E60 /* NewsViewController.swift */; };
		D170863F29C2EE0B00AC7E60 /* LostAndFoundViewController.swift in Sources */ = {isa = PBXBuildFile; fileRef = D170863E29C2EE0B00AC7E60 /* LostAndFoundViewController.swift */; };
		D170864129C2EE1900AC7E60 /* ProfileViewController.swift in Sources */ = {isa = PBXBuildFile; fileRef = D170864029C2EE1900AC7E60 /* ProfileViewController.swift */; };
		D170864429C2F3A300AC7E60 /* PopUpViewController.swift in Sources */ = {isa = PBXBuildFile; fileRef = D170864329C2F3A300AC7E60 /* PopUpViewController.swift */; };
		D170864629C2F41F00AC7E60 /* SignInViewController.swift in Sources */ = {isa = PBXBuildFile; fileRef = D170864529C2F41F00AC7E60 /* SignInViewController.swift */; };
		D170864829C2F42B00AC7E60 /* SignUpViewController.swift in Sources */ = {isa = PBXBuildFile; fileRef = D170864729C2F42B00AC7E60 /* SignUpViewController.swift */; };
		D170864B29C3207200AC7E60 /* Nunito-VariableFont_wght.ttf in Resources */ = {isa = PBXBuildFile; fileRef = D170864A29C3207200AC7E60 /* Nunito-VariableFont_wght.ttf */; };
		D170864D29C3235900AC7E60 /* Montserrat-VariableFont_wght.ttf in Resources */ = {isa = PBXBuildFile; fileRef = D170864C29C3235900AC7E60 /* Montserrat-VariableFont_wght.ttf */; };
		D170866B29C4CE0300AC7E60 /* RegisterViewViewModel.swift in Sources */ = {isa = PBXBuildFile; fileRef = D170866A29C4CE0300AC7E60 /* RegisterViewViewModel.swift */; };
		D170866E29C4D67800AC7E60 /* AuthManager.swift in Sources */ = {isa = PBXBuildFile; fileRef = D170866D29C4D67800AC7E60 /* AuthManager.swift */; };
		D17086AB29C4F1AA00AC7E60 /* GoogleService-Info.plist in Resources */ = {isa = PBXBuildFile; fileRef = D17086AA29C4F1AA00AC7E60 /* GoogleService-Info.plist */; };
		D17086AE29C4F32E00AC7E60 /* FirebaseAuth in Frameworks */ = {isa = PBXBuildFile; productRef = D17086AD29C4F32E00AC7E60 /* FirebaseAuth */; };
		D17086B029C4F32E00AC7E60 /* FirebaseAuthCombine-Community in Frameworks */ = {isa = PBXBuildFile; productRef = D17086AF29C4F32E00AC7E60 /* FirebaseAuthCombine-Community */; };
		D17086B229C4F32E00AC7E60 /* FirebaseDatabase in Frameworks */ = {isa = PBXBuildFile; productRef = D17086B129C4F32E00AC7E60 /* FirebaseDatabase */; };
		D17086B429C4F32E00AC7E60 /* FirebaseDatabaseSwift in Frameworks */ = {isa = PBXBuildFile; productRef = D17086B329C4F32E00AC7E60 /* FirebaseDatabaseSwift */; };
		D17086B629C4F32E00AC7E60 /* FirebaseFirestore in Frameworks */ = {isa = PBXBuildFile; productRef = D17086B529C4F32E00AC7E60 /* FirebaseFirestore */; };
		D17086B829C4F32E00AC7E60 /* FirebaseFirestoreCombine-Community in Frameworks */ = {isa = PBXBuildFile; productRef = D17086B729C4F32E00AC7E60 /* FirebaseFirestoreCombine-Community */; };
		D17086BA29C4F32E00AC7E60 /* FirebaseFirestoreSwift in Frameworks */ = {isa = PBXBuildFile; productRef = D17086B929C4F32E00AC7E60 /* FirebaseFirestoreSwift */; };
		D17086BC29C4F32E00AC7E60 /* FirebaseStorage in Frameworks */ = {isa = PBXBuildFile; productRef = D17086BB29C4F32E00AC7E60 /* FirebaseStorage */; };
		D17086BE29C4F32E00AC7E60 /* FirebaseStorageCombine-Community in Frameworks */ = {isa = PBXBuildFile; productRef = D17086BD29C4F32E00AC7E60 /* FirebaseStorageCombine-Community */; };
		D17086C429CB0F4A00AC7E60 /* ProfileTableViewCell.swift in Sources */ = {isa = PBXBuildFile; fileRef = D17086C329CB0F4A00AC7E60 /* ProfileTableViewCell.swift */; };
		D17086C629CDAF4900AC7E60 /* SettingsViewController.swift in Sources */ = {isa = PBXBuildFile; fileRef = D17086C529CDAF4900AC7E60 /* SettingsViewController.swift */; };
		D17086C929CDFD5300AC7E60 /* HelpViewController.swift in Sources */ = {isa = PBXBuildFile; fileRef = D17086C829CDFD5300AC7E60 /* HelpViewController.swift */; };
		D19F724C29CE1CA0003FE71D /* FavoriteViewController.swift in Sources */ = {isa = PBXBuildFile; fileRef = D19F724B29CE1CA0003FE71D /* FavoriteViewController.swift */; };
		D19F724E29CE2007003FE71D /* FavoriteTableViewCell.swift in Sources */ = {isa = PBXBuildFile; fileRef = D19F724D29CE2007003FE71D /* FavoriteTableViewCell.swift */; };
		D19F725029CEE015003FE71D /* TrendingCollectionViewCell.swift in Sources */ = {isa = PBXBuildFile; fileRef = D19F724F29CEE015003FE71D /* TrendingCollectionViewCell.swift */; };
		D1BDA6EA29D1F61000CEB7CF /* ClubsCollectionViewCell.swift in Sources */ = {isa = PBXBuildFile; fileRef = D1BDA6E929D1F61000CEB7CF /* ClubsCollectionViewCell.swift */; };
		D70A31D9AA9D8D4A0360220B /* Pods_SDU_News.framework in Frameworks */ = {isa = PBXBuildFile; fileRef = 0B7197CC51420FDE728BCA07 /* Pods_SDU_News.framework */; };
		EB04AD9DD6A95416B24CD65A /* Pods_SDU_News_SDU_NewsUITests.framework in Frameworks */ = {isa = PBXBuildFile; fileRef = D0422CFBCA49D73A7190666D /* Pods_SDU_News_SDU_NewsUITests.framework */; };
/* End PBXBuildFile section */

/* Begin PBXContainerItemProxy section */
		D106E7C0299FF46F00F11079 /* PBXContainerItemProxy */ = {
			isa = PBXContainerItemProxy;
			containerPortal = D106E79E299FF46E00F11079 /* Project object */;
			proxyType = 1;
			remoteGlobalIDString = D106E7A5299FF46E00F11079;
			remoteInfo = "SDU News";
		};
		D106E7CA299FF46F00F11079 /* PBXContainerItemProxy */ = {
			isa = PBXContainerItemProxy;
			containerPortal = D106E79E299FF46E00F11079 /* Project object */;
			proxyType = 1;
			remoteGlobalIDString = D106E7A5299FF46E00F11079;
			remoteInfo = "SDU News";
		};
/* End PBXContainerItemProxy section */

/* Begin PBXFileReference section */
		080DC868B72D189952FEFD23 /* Pods_SDU_NewsTests.framework */ = {isa = PBXFileReference; explicitFileType = wrapper.framework; includeInIndex = 0; path = Pods_SDU_NewsTests.framework; sourceTree = BUILT_PRODUCTS_DIR; };
		0B7197CC51420FDE728BCA07 /* Pods_SDU_News.framework */ = {isa = PBXFileReference; explicitFileType = wrapper.framework; includeInIndex = 0; path = Pods_SDU_News.framework; sourceTree = BUILT_PRODUCTS_DIR; };
		26A71EB73D5F78FFD785C96A /* Pods-SDU News-SDU NewsUITests.release.xcconfig */ = {isa = PBXFileReference; includeInIndex = 1; lastKnownFileType = text.xcconfig; name = "Pods-SDU News-SDU NewsUITests.release.xcconfig"; path = "Target Support Files/Pods-SDU News-SDU NewsUITests/Pods-SDU News-SDU NewsUITests.release.xcconfig"; sourceTree = "<group>"; };
		52B1F6D021A50D54BC7FA686 /* Pods-SDU News.release.xcconfig */ = {isa = PBXFileReference; includeInIndex = 1; lastKnownFileType = text.xcconfig; name = "Pods-SDU News.release.xcconfig"; path = "Target Support Files/Pods-SDU News/Pods-SDU News.release.xcconfig"; sourceTree = "<group>"; };
		92BC2CFB365E2DC607BC0E44 /* Pods-SDU News-SDU NewsUITests.debug.xcconfig */ = {isa = PBXFileReference; includeInIndex = 1; lastKnownFileType = text.xcconfig; name = "Pods-SDU News-SDU NewsUITests.debug.xcconfig"; path = "Target Support Files/Pods-SDU News-SDU NewsUITests/Pods-SDU News-SDU NewsUITests.debug.xcconfig"; sourceTree = "<group>"; };
		D0422CFBCA49D73A7190666D /* Pods_SDU_News_SDU_NewsUITests.framework */ = {isa = PBXFileReference; explicitFileType = wrapper.framework; includeInIndex = 0; path = Pods_SDU_News_SDU_NewsUITests.framework; sourceTree = BUILT_PRODUCTS_DIR; };
		D106E7A6299FF46E00F11079 /* SDU News.app */ = {isa = PBXFileReference; explicitFileType = wrapper.application; includeInIndex = 0; path = "SDU News.app"; sourceTree = BUILT_PRODUCTS_DIR; };
		D106E7A9299FF46E00F11079 /* AppDelegate.swift */ = {isa = PBXFileReference; lastKnownFileType = sourcecode.swift; path = AppDelegate.swift; sourceTree = "<group>"; };
		D106E7AB299FF46E00F11079 /* SceneDelegate.swift */ = {isa = PBXFileReference; lastKnownFileType = sourcecode.swift; path = SceneDelegate.swift; sourceTree = "<group>"; };
		D106E7AD299FF46E00F11079 /* TabbarViewController.swift */ = {isa = PBXFileReference; lastKnownFileType = sourcecode.swift; path = TabbarViewController.swift; sourceTree = "<group>"; };
		D106E7B3299FF46F00F11079 /* SDU_News.xcdatamodel */ = {isa = PBXFileReference; lastKnownFileType = wrapper.xcdatamodel; path = SDU_News.xcdatamodel; sourceTree = "<group>"; };
		D106E7B5299FF46F00F11079 /* Assets.xcassets */ = {isa = PBXFileReference; lastKnownFileType = folder.assetcatalog; path = Assets.xcassets; sourceTree = "<group>"; };
		D106E7B8299FF46F00F11079 /* Base */ = {isa = PBXFileReference; lastKnownFileType = file.storyboard; name = Base; path = Base.lproj/LaunchScreen.storyboard; sourceTree = "<group>"; };
		D106E7BA299FF46F00F11079 /* Info.plist */ = {isa = PBXFileReference; lastKnownFileType = text.plist.xml; path = Info.plist; sourceTree = "<group>"; };
		D106E7BF299FF46F00F11079 /* SDU NewsTests.xctest */ = {isa = PBXFileReference; explicitFileType = wrapper.cfbundle; includeInIndex = 0; path = "SDU NewsTests.xctest"; sourceTree = BUILT_PRODUCTS_DIR; };
		D106E7C3299FF46F00F11079 /* SDU_NewsTests.swift */ = {isa = PBXFileReference; lastKnownFileType = sourcecode.swift; path = SDU_NewsTests.swift; sourceTree = "<group>"; };
		D106E7C9299FF46F00F11079 /* SDU NewsUITests.xctest */ = {isa = PBXFileReference; explicitFileType = wrapper.cfbundle; includeInIndex = 0; path = "SDU NewsUITests.xctest"; sourceTree = BUILT_PRODUCTS_DIR; };
		D106E7CD299FF46F00F11079 /* SDU_NewsUITests.swift */ = {isa = PBXFileReference; lastKnownFileType = sourcecode.swift; path = SDU_NewsUITests.swift; sourceTree = "<group>"; };
		D106E7CF299FF46F00F11079 /* SDU_NewsUITestsLaunchTests.swift */ = {isa = PBXFileReference; lastKnownFileType = sourcecode.swift; path = SDU_NewsUITestsLaunchTests.swift; sourceTree = "<group>"; };
		D128EB5729D574D000649EF6 /* Poppins-Bold.ttf */ = {isa = PBXFileReference; lastKnownFileType = file; name = "Poppins-Bold.ttf"; path = "../../../../Downloads/Poppins/Poppins-Bold.ttf"; sourceTree = "<group>"; };
		D128EB5929D574DF00649EF6 /* Poppins-Regular.ttf */ = {isa = PBXFileReference; lastKnownFileType = file; name = "Poppins-Regular.ttf"; path = "../../../../Downloads/Poppins/Poppins-Regular.ttf"; sourceTree = "<group>"; };
		D128EB5D29D7682300649EF6 /* LostAndFoundCollectionViewCell.swift */ = {isa = PBXFileReference; lastKnownFileType = sourcecode.swift; path = LostAndFoundCollectionViewCell.swift; sourceTree = "<group>"; };
		D14068E529DEB37200DC218A /* ClubsListViewController.swift */ = {isa = PBXFileReference; lastKnownFileType = sourcecode.swift; path = ClubsListViewController.swift; sourceTree = "<group>"; };
		D14068E729DF393900DC218A /* CardsCollectionViewCell.swift */ = {isa = PBXFileReference; lastKnownFileType = sourcecode.swift; path = CardsCollectionViewCell.swift; sourceTree = "<group>"; };
		D14068EA29E0316500DC218A /* ClubDetailsViewController.swift */ = {isa = PBXFileReference; lastKnownFileType = sourcecode.swift; path = ClubDetailsViewController.swift; sourceTree = "<group>"; };
		D14068EC29E6B94100DC218A /* ClubNewsTableViewCell.swift */ = {isa = PBXFileReference; lastKnownFileType = sourcecode.swift; path = ClubNewsTableViewCell.swift; sourceTree = "<group>"; };
		D170863A29C2EDEF00AC7E60 /* HomeViewController.swift */ = {isa = PBXFileReference; lastKnownFileType = sourcecode.swift; path = HomeViewController.swift; sourceTree = "<group>"; };
		D170863C29C2EDFE00AC7E60 /* NewsViewController.swift */ = {isa = PBXFileReference; lastKnownFileType = sourcecode.swift; path = NewsViewController.swift; sourceTree = "<group>"; };
		D170863E29C2EE0B00AC7E60 /* LostAndFoundViewController.swift */ = {isa = PBXFileReference; lastKnownFileType = sourcecode.swift; path = LostAndFoundViewController.swift; sourceTree = "<group>"; };
		D170864029C2EE1900AC7E60 /* ProfileViewController.swift */ = {isa = PBXFileReference; lastKnownFileType = sourcecode.swift; path = ProfileViewController.swift; sourceTree = "<group>"; };
		D170864329C2F3A300AC7E60 /* PopUpViewController.swift */ = {isa = PBXFileReference; lastKnownFileType = sourcecode.swift; path = PopUpViewController.swift; sourceTree = "<group>"; };
		D170864529C2F41F00AC7E60 /* SignInViewController.swift */ = {isa = PBXFileReference; lastKnownFileType = sourcecode.swift; path = SignInViewController.swift; sourceTree = "<group>"; };
		D170864729C2F42B00AC7E60 /* SignUpViewController.swift */ = {isa = PBXFileReference; lastKnownFileType = sourcecode.swift; path = SignUpViewController.swift; sourceTree = "<group>"; };
		D170864A29C3207200AC7E60 /* Nunito-VariableFont_wght.ttf */ = {isa = PBXFileReference; lastKnownFileType = file; path = "Nunito-VariableFont_wght.ttf"; sourceTree = "<group>"; };
		D170864C29C3235900AC7E60 /* Montserrat-VariableFont_wght.ttf */ = {isa = PBXFileReference; lastKnownFileType = file; path = "Montserrat-VariableFont_wght.ttf"; sourceTree = "<group>"; };
		D170866A29C4CE0300AC7E60 /* RegisterViewViewModel.swift */ = {isa = PBXFileReference; lastKnownFileType = sourcecode.swift; path = RegisterViewViewModel.swift; sourceTree = "<group>"; };
		D170866D29C4D67800AC7E60 /* AuthManager.swift */ = {isa = PBXFileReference; lastKnownFileType = sourcecode.swift; path = AuthManager.swift; sourceTree = "<group>"; };
		D17086AA29C4F1AA00AC7E60 /* GoogleService-Info.plist */ = {isa = PBXFileReference; fileEncoding = 4; lastKnownFileType = text.plist.xml; name = "GoogleService-Info.plist"; path = "../../Desktop/GoogleService-Info.plist"; sourceTree = "<group>"; };
		D17086C329CB0F4A00AC7E60 /* ProfileTableViewCell.swift */ = {isa = PBXFileReference; lastKnownFileType = sourcecode.swift; path = ProfileTableViewCell.swift; sourceTree = "<group>"; };
		D17086C529CDAF4900AC7E60 /* SettingsViewController.swift */ = {isa = PBXFileReference; lastKnownFileType = sourcecode.swift; path = SettingsViewController.swift; sourceTree = "<group>"; };
		D17086C829CDFD5300AC7E60 /* HelpViewController.swift */ = {isa = PBXFileReference; lastKnownFileType = sourcecode.swift; path = HelpViewController.swift; sourceTree = "<group>"; };
		D19F724B29CE1CA0003FE71D /* FavoriteViewController.swift */ = {isa = PBXFileReference; lastKnownFileType = sourcecode.swift; path = FavoriteViewController.swift; sourceTree = "<group>"; };
		D19F724D29CE2007003FE71D /* FavoriteTableViewCell.swift */ = {isa = PBXFileReference; lastKnownFileType = sourcecode.swift; path = FavoriteTableViewCell.swift; sourceTree = "<group>"; };
		D19F724F29CEE015003FE71D /* TrendingCollectionViewCell.swift */ = {isa = PBXFileReference; lastKnownFileType = sourcecode.swift; path = TrendingCollectionViewCell.swift; sourceTree = "<group>"; };
		D1BDA6E929D1F61000CEB7CF /* ClubsCollectionViewCell.swift */ = {isa = PBXFileReference; lastKnownFileType = sourcecode.swift; path = ClubsCollectionViewCell.swift; sourceTree = "<group>"; };
		D4338AE74D8DDB037DC3CBFD /* Pods-SDU NewsTests.debug.xcconfig */ = {isa = PBXFileReference; includeInIndex = 1; lastKnownFileType = text.xcconfig; name = "Pods-SDU NewsTests.debug.xcconfig"; path = "Target Support Files/Pods-SDU NewsTests/Pods-SDU NewsTests.debug.xcconfig"; sourceTree = "<group>"; };
		E4FA1D423DCDA269A1FB2C28 /* Pods-SDU NewsTests.release.xcconfig */ = {isa = PBXFileReference; includeInIndex = 1; lastKnownFileType = text.xcconfig; name = "Pods-SDU NewsTests.release.xcconfig"; path = "Target Support Files/Pods-SDU NewsTests/Pods-SDU NewsTests.release.xcconfig"; sourceTree = "<group>"; };
		EE13426E25DA3936806D18A1 /* Pods-SDU News.debug.xcconfig */ = {isa = PBXFileReference; includeInIndex = 1; lastKnownFileType = text.xcconfig; name = "Pods-SDU News.debug.xcconfig"; path = "Target Support Files/Pods-SDU News/Pods-SDU News.debug.xcconfig"; sourceTree = "<group>"; };
/* End PBXFileReference section */

/* Begin PBXFrameworksBuildPhase section */
		D106E7A3299FF46E00F11079 /* Frameworks */ = {
			isa = PBXFrameworksBuildPhase;
			buildActionMask = 2147483647;
			files = (
				D17086B429C4F32E00AC7E60 /* FirebaseDatabaseSwift in Frameworks */,
				D70A31D9AA9D8D4A0360220B /* Pods_SDU_News.framework in Frameworks */,
				D17086BE29C4F32E00AC7E60 /* FirebaseStorageCombine-Community in Frameworks */,
				D17086BC29C4F32E00AC7E60 /* FirebaseStorage in Frameworks */,
				D17086B029C4F32E00AC7E60 /* FirebaseAuthCombine-Community in Frameworks */,
				D17086B229C4F32E00AC7E60 /* FirebaseDatabase in Frameworks */,
				D17086AE29C4F32E00AC7E60 /* FirebaseAuth in Frameworks */,
				D17086B629C4F32E00AC7E60 /* FirebaseFirestore in Frameworks */,
				D17086B829C4F32E00AC7E60 /* FirebaseFirestoreCombine-Community in Frameworks */,
				D17086BA29C4F32E00AC7E60 /* FirebaseFirestoreSwift in Frameworks */,
			);
			runOnlyForDeploymentPostprocessing = 0;
		};
		D106E7BC299FF46F00F11079 /* Frameworks */ = {
			isa = PBXFrameworksBuildPhase;
			buildActionMask = 2147483647;
			files = (
				2BFFB1836BF8BF556E25628B /* Pods_SDU_NewsTests.framework in Frameworks */,
			);
			runOnlyForDeploymentPostprocessing = 0;
		};
		D106E7C6299FF46F00F11079 /* Frameworks */ = {
			isa = PBXFrameworksBuildPhase;
			buildActionMask = 2147483647;
			files = (
				EB04AD9DD6A95416B24CD65A /* Pods_SDU_News_SDU_NewsUITests.framework in Frameworks */,
			);
			runOnlyForDeploymentPostprocessing = 0;
		};
/* End PBXFrameworksBuildPhase section */

/* Begin PBXGroup section */
		22E7417996CEC50ED3638D4B /* Frameworks */ = {
			isa = PBXGroup;
			children = (
				0B7197CC51420FDE728BCA07 /* Pods_SDU_News.framework */,
				D0422CFBCA49D73A7190666D /* Pods_SDU_News_SDU_NewsUITests.framework */,
				080DC868B72D189952FEFD23 /* Pods_SDU_NewsTests.framework */,
			);
			name = Frameworks;
			sourceTree = "<group>";
		};
		A43644E589F63A4B82C677F3 /* Pods */ = {
			isa = PBXGroup;
			children = (
				EE13426E25DA3936806D18A1 /* Pods-SDU News.debug.xcconfig */,
				52B1F6D021A50D54BC7FA686 /* Pods-SDU News.release.xcconfig */,
				92BC2CFB365E2DC607BC0E44 /* Pods-SDU News-SDU NewsUITests.debug.xcconfig */,
				26A71EB73D5F78FFD785C96A /* Pods-SDU News-SDU NewsUITests.release.xcconfig */,
				D4338AE74D8DDB037DC3CBFD /* Pods-SDU NewsTests.debug.xcconfig */,
				E4FA1D423DCDA269A1FB2C28 /* Pods-SDU NewsTests.release.xcconfig */,
			);
			path = Pods;
			sourceTree = "<group>";
		};
		D106E79D299FF46E00F11079 = {
			isa = PBXGroup;
			children = (
				D17086AA29C4F1AA00AC7E60 /* GoogleService-Info.plist */,
				D106E7A8299FF46E00F11079 /* SDU News */,
				D106E7C2299FF46F00F11079 /* SDU NewsTests */,
				D106E7CC299FF46F00F11079 /* SDU NewsUITests */,
				D106E7A7299FF46E00F11079 /* Products */,
				A43644E589F63A4B82C677F3 /* Pods */,
				22E7417996CEC50ED3638D4B /* Frameworks */,
			);
			sourceTree = "<group>";
		};
		D106E7A7299FF46E00F11079 /* Products */ = {
			isa = PBXGroup;
			children = (
				D106E7A6299FF46E00F11079 /* SDU News.app */,
				D106E7BF299FF46F00F11079 /* SDU NewsTests.xctest */,
				D106E7C9299FF46F00F11079 /* SDU NewsUITests.xctest */,
			);
			name = Products;
			sourceTree = "<group>";
		};
		D106E7A8299FF46E00F11079 /* SDU News */ = {
			isa = PBXGroup;
			children = (
				D17086C229CB0F2E00AC7E60 /* Views */,
				D170866C29C4D66500AC7E60 /* Networking */,
				D170866929C4CDE500AC7E60 /* ViewModels */,
				D170864929C3201400AC7E60 /* Fonts */,
				D170863829C2EDD200AC7E60 /* Controllers */,
				D106E7A9299FF46E00F11079 /* AppDelegate.swift */,
				D106E7AB299FF46E00F11079 /* SceneDelegate.swift */,
				D106E7AD299FF46E00F11079 /* TabbarViewController.swift */,
				D106E7B5299FF46F00F11079 /* Assets.xcassets */,
				D106E7B7299FF46F00F11079 /* LaunchScreen.storyboard */,
				D106E7BA299FF46F00F11079 /* Info.plist */,
				D106E7B2299FF46F00F11079 /* SDU_News.xcdatamodeld */,
			);
			path = "SDU News";
			sourceTree = "<group>";
		};
		D106E7C2299FF46F00F11079 /* SDU NewsTests */ = {
			isa = PBXGroup;
			children = (
				D106E7C3299FF46F00F11079 /* SDU_NewsTests.swift */,
			);
			path = "SDU NewsTests";
			sourceTree = "<group>";
		};
		D106E7CC299FF46F00F11079 /* SDU NewsUITests */ = {
			isa = PBXGroup;
			children = (
				D106E7CD299FF46F00F11079 /* SDU_NewsUITests.swift */,
				D106E7CF299FF46F00F11079 /* SDU_NewsUITestsLaunchTests.swift */,
			);
			path = "SDU NewsUITests";
			sourceTree = "<group>";
		};
		D14068E929E0314B00DC218A /* DetailsControllers */ = {
			isa = PBXGroup;
			children = (
				D14068EA29E0316500DC218A /* ClubDetailsViewController.swift */,
				D14068EC29E6B94100DC218A /* ClubNewsTableViewCell.swift */,
			);
			path = DetailsControllers;
			sourceTree = "<group>";
		};
		D170863829C2EDD200AC7E60 /* Controllers */ = {
			isa = PBXGroup;
			children = (
				D14068E929E0314B00DC218A /* DetailsControllers */,
				D17086C729CDAF5200AC7E60 /* AdditionalControllers */,
				D170864229C2F2BC00AC7E60 /* RegistrationControllers */,
				D170863929C2EDDB00AC7E60 /* CoreControllers */,
			);
			path = Controllers;
			sourceTree = "<group>";
		};
		D170863929C2EDDB00AC7E60 /* CoreControllers */ = {
			isa = PBXGroup;
			children = (
				D170863A29C2EDEF00AC7E60 /* HomeViewController.swift */,
				D170863C29C2EDFE00AC7E60 /* NewsViewController.swift */,
				D170863E29C2EE0B00AC7E60 /* LostAndFoundViewController.swift */,
				D170864029C2EE1900AC7E60 /* ProfileViewController.swift */,
				D14068E529DEB37200DC218A /* ClubsListViewController.swift */,
			);
			path = CoreControllers;
			sourceTree = "<group>";
		};
		D170864229C2F2BC00AC7E60 /* RegistrationControllers */ = {
			isa = PBXGroup;
			children = (
				D170864329C2F3A300AC7E60 /* PopUpViewController.swift */,
				D170864529C2F41F00AC7E60 /* SignInViewController.swift */,
				D170864729C2F42B00AC7E60 /* SignUpViewController.swift */,
			);
			path = RegistrationControllers;
			sourceTree = "<group>";
		};
		D170864929C3201400AC7E60 /* Fonts */ = {
			isa = PBXGroup;
			children = (
				D128EB5929D574DF00649EF6 /* Poppins-Regular.ttf */,
				D128EB5729D574D000649EF6 /* Poppins-Bold.ttf */,
				D170864C29C3235900AC7E60 /* Montserrat-VariableFont_wght.ttf */,
				D170864A29C3207200AC7E60 /* Nunito-VariableFont_wght.ttf */,
			);
			path = Fonts;
			sourceTree = "<group>";
		};
		D170866929C4CDE500AC7E60 /* ViewModels */ = {
			isa = PBXGroup;
			children = (
				D170866A29C4CE0300AC7E60 /* RegisterViewViewModel.swift */,
			);
			path = ViewModels;
			sourceTree = "<group>";
		};
		D170866C29C4D66500AC7E60 /* Networking */ = {
			isa = PBXGroup;
			children = (
				D170866D29C4D67800AC7E60 /* AuthManager.swift */,
			);
			path = Networking;
			sourceTree = "<group>";
		};
		D17086C229CB0F2E00AC7E60 /* Views */ = {
			isa = PBXGroup;
			children = (
				D17086C329CB0F4A00AC7E60 /* ProfileTableViewCell.swift */,
				D19F724D29CE2007003FE71D /* FavoriteTableViewCell.swift */,
				D19F724F29CEE015003FE71D /* TrendingCollectionViewCell.swift */,
				D1BDA6E929D1F61000CEB7CF /* ClubsCollectionViewCell.swift */,
				D128EB5D29D7682300649EF6 /* LostAndFoundCollectionViewCell.swift */,
				D14068E729DF393900DC218A /* CardsCollectionViewCell.swift */,
			);
			path = Views;
			sourceTree = "<group>";
		};
		D17086C729CDAF5200AC7E60 /* AdditionalControllers */ = {
			isa = PBXGroup;
			children = (
				D17086C529CDAF4900AC7E60 /* SettingsViewController.swift */,
				D17086C829CDFD5300AC7E60 /* HelpViewController.swift */,
				D19F724B29CE1CA0003FE71D /* FavoriteViewController.swift */,
			);
			path = AdditionalControllers;
			sourceTree = "<group>";
		};
/* End PBXGroup section */

/* Begin PBXNativeTarget section */
		D106E7A5299FF46E00F11079 /* SDU News */ = {
			isa = PBXNativeTarget;
			buildConfigurationList = D106E7D3299FF46F00F11079 /* Build configuration list for PBXNativeTarget "SDU News" */;
			buildPhases = (
				BC1A98ECA6743C6302CA8A4F /* [CP] Check Pods Manifest.lock */,
				D106E7A2299FF46E00F11079 /* Sources */,
				D106E7A3299FF46E00F11079 /* Frameworks */,
				D106E7A4299FF46E00F11079 /* Resources */,
				CA2F2029BD09E09F2D49B628 /* [CP] Embed Pods Frameworks */,
			);
			buildRules = (
			);
			dependencies = (
			);
			name = "SDU News";
			packageProductDependencies = (
				D17086AD29C4F32E00AC7E60 /* FirebaseAuth */,
				D17086AF29C4F32E00AC7E60 /* FirebaseAuthCombine-Community */,
				D17086B129C4F32E00AC7E60 /* FirebaseDatabase */,
				D17086B329C4F32E00AC7E60 /* FirebaseDatabaseSwift */,
				D17086B529C4F32E00AC7E60 /* FirebaseFirestore */,
				D17086B729C4F32E00AC7E60 /* FirebaseFirestoreCombine-Community */,
				D17086B929C4F32E00AC7E60 /* FirebaseFirestoreSwift */,
				D17086BB29C4F32E00AC7E60 /* FirebaseStorage */,
				D17086BD29C4F32E00AC7E60 /* FirebaseStorageCombine-Community */,
			);
			productName = "SDU News";
			productReference = D106E7A6299FF46E00F11079 /* SDU News.app */;
			productType = "com.apple.product-type.application";
		};
		D106E7BE299FF46F00F11079 /* SDU NewsTests */ = {
			isa = PBXNativeTarget;
			buildConfigurationList = D106E7D6299FF46F00F11079 /* Build configuration list for PBXNativeTarget "SDU NewsTests" */;
			buildPhases = (
				F9F0EAB0645B801ADBB655E5 /* [CP] Check Pods Manifest.lock */,
				D106E7BB299FF46F00F11079 /* Sources */,
				D106E7BC299FF46F00F11079 /* Frameworks */,
				D106E7BD299FF46F00F11079 /* Resources */,
			);
			buildRules = (
			);
			dependencies = (
				D106E7C1299FF46F00F11079 /* PBXTargetDependency */,
			);
			name = "SDU NewsTests";
			productName = "SDU NewsTests";
			productReference = D106E7BF299FF46F00F11079 /* SDU NewsTests.xctest */;
			productType = "com.apple.product-type.bundle.unit-test";
		};
		D106E7C8299FF46F00F11079 /* SDU NewsUITests */ = {
			isa = PBXNativeTarget;
			buildConfigurationList = D106E7D9299FF46F00F11079 /* Build configuration list for PBXNativeTarget "SDU NewsUITests" */;
			buildPhases = (
				ED5838B04BAFFF1F3779A659 /* [CP] Check Pods Manifest.lock */,
				D106E7C5299FF46F00F11079 /* Sources */,
				D106E7C6299FF46F00F11079 /* Frameworks */,
				D106E7C7299FF46F00F11079 /* Resources */,
				9B4A5AC2B292BA2DDB9303DD /* [CP] Embed Pods Frameworks */,
			);
			buildRules = (
			);
			dependencies = (
				D106E7CB299FF46F00F11079 /* PBXTargetDependency */,
			);
			name = "SDU NewsUITests";
			productName = "SDU NewsUITests";
			productReference = D106E7C9299FF46F00F11079 /* SDU NewsUITests.xctest */;
			productType = "com.apple.product-type.bundle.ui-testing";
		};
/* End PBXNativeTarget section */

/* Begin PBXProject section */
		D106E79E299FF46E00F11079 /* Project object */ = {
			isa = PBXProject;
			attributes = {
				BuildIndependentTargetsInParallel = 1;
				LastSwiftUpdateCheck = 1420;
				LastUpgradeCheck = 1420;
				TargetAttributes = {
					D106E7A5299FF46E00F11079 = {
						CreatedOnToolsVersion = 14.2;
					};
					D106E7BE299FF46F00F11079 = {
						CreatedOnToolsVersion = 14.2;
						TestTargetID = D106E7A5299FF46E00F11079;
					};
					D106E7C8299FF46F00F11079 = {
						CreatedOnToolsVersion = 14.2;
						TestTargetID = D106E7A5299FF46E00F11079;
					};
				};
			};
			buildConfigurationList = D106E7A1299FF46E00F11079 /* Build configuration list for PBXProject "SDU News" */;
			compatibilityVersion = "Xcode 14.0";
			developmentRegion = en;
			hasScannedForEncodings = 0;
			knownRegions = (
				en,
				Base,
			);
			mainGroup = D106E79D299FF46E00F11079;
			packageReferences = (
				D17086AC29C4F32E00AC7E60 /* XCRemoteSwiftPackageReference "firebase-ios-sdk" */,
			);
			productRefGroup = D106E7A7299FF46E00F11079 /* Products */;
			projectDirPath = "";
			projectRoot = "";
			targets = (
				D106E7A5299FF46E00F11079 /* SDU News */,
				D106E7BE299FF46F00F11079 /* SDU NewsTests */,
				D106E7C8299FF46F00F11079 /* SDU NewsUITests */,
			);
		};
/* End PBXProject section */

/* Begin PBXResourcesBuildPhase section */
		D106E7A4299FF46E00F11079 /* Resources */ = {
			isa = PBXResourcesBuildPhase;
			buildActionMask = 2147483647;
			files = (
				D170864D29C3235900AC7E60 /* Montserrat-VariableFont_wght.ttf in Resources */,
				D128EB5829D574D000649EF6 /* Poppins-Bold.ttf in Resources */,
				D128EB5A29D574DF00649EF6 /* Poppins-Regular.ttf in Resources */,
				D106E7B9299FF46F00F11079 /* LaunchScreen.storyboard in Resources */,
				D17086AB29C4F1AA00AC7E60 /* GoogleService-Info.plist in Resources */,
				D170864B29C3207200AC7E60 /* Nunito-VariableFont_wght.ttf in Resources */,
				D106E7B6299FF46F00F11079 /* Assets.xcassets in Resources */,
			);
			runOnlyForDeploymentPostprocessing = 0;
		};
		D106E7BD299FF46F00F11079 /* Resources */ = {
			isa = PBXResourcesBuildPhase;
			buildActionMask = 2147483647;
			files = (
			);
			runOnlyForDeploymentPostprocessing = 0;
		};
		D106E7C7299FF46F00F11079 /* Resources */ = {
			isa = PBXResourcesBuildPhase;
			buildActionMask = 2147483647;
			files = (
			);
			runOnlyForDeploymentPostprocessing = 0;
		};
/* End PBXResourcesBuildPhase section */

/* Begin PBXShellScriptBuildPhase section */
		9B4A5AC2B292BA2DDB9303DD /* [CP] Embed Pods Frameworks */ = {
			isa = PBXShellScriptBuildPhase;
			buildActionMask = 2147483647;
			files = (
			);
			inputFileListPaths = (
				"${PODS_ROOT}/Target Support Files/Pods-SDU News-SDU NewsUITests/Pods-SDU News-SDU NewsUITests-frameworks-${CONFIGURATION}-input-files.xcfilelist",
			);
			name = "[CP] Embed Pods Frameworks";
			outputFileListPaths = (
				"${PODS_ROOT}/Target Support Files/Pods-SDU News-SDU NewsUITests/Pods-SDU News-SDU NewsUITests-frameworks-${CONFIGURATION}-output-files.xcfilelist",
			);
			runOnlyForDeploymentPostprocessing = 0;
			shellPath = /bin/sh;
			shellScript = "\"${PODS_ROOT}/Target Support Files/Pods-SDU News-SDU NewsUITests/Pods-SDU News-SDU NewsUITests-frameworks.sh\"\n";
			showEnvVarsInLog = 0;
		};
		BC1A98ECA6743C6302CA8A4F /* [CP] Check Pods Manifest.lock */ = {
			isa = PBXShellScriptBuildPhase;
			buildActionMask = 2147483647;
			files = (
			);
			inputFileListPaths = (
			);
			inputPaths = (
				"${PODS_PODFILE_DIR_PATH}/Podfile.lock",
				"${PODS_ROOT}/Manifest.lock",
			);
			name = "[CP] Check Pods Manifest.lock";
			outputFileListPaths = (
			);
			outputPaths = (
				"$(DERIVED_FILE_DIR)/Pods-SDU News-checkManifestLockResult.txt",
			);
			runOnlyForDeploymentPostprocessing = 0;
			shellPath = /bin/sh;
			shellScript = "diff \"${PODS_PODFILE_DIR_PATH}/Podfile.lock\" \"${PODS_ROOT}/Manifest.lock\" > /dev/null\nif [ $? != 0 ] ; then\n    # print error to STDERR\n    echo \"error: The sandbox is not in sync with the Podfile.lock. Run 'pod install' or update your CocoaPods installation.\" >&2\n    exit 1\nfi\n# This output is used by Xcode 'outputs' to avoid re-running this script phase.\necho \"SUCCESS\" > \"${SCRIPT_OUTPUT_FILE_0}\"\n";
			showEnvVarsInLog = 0;
		};
		CA2F2029BD09E09F2D49B628 /* [CP] Embed Pods Frameworks */ = {
			isa = PBXShellScriptBuildPhase;
			buildActionMask = 2147483647;
			files = (
			);
			inputFileListPaths = (
				"${PODS_ROOT}/Target Support Files/Pods-SDU News/Pods-SDU News-frameworks-${CONFIGURATION}-input-files.xcfilelist",
			);
			name = "[CP] Embed Pods Frameworks";
			outputFileListPaths = (
				"${PODS_ROOT}/Target Support Files/Pods-SDU News/Pods-SDU News-frameworks-${CONFIGURATION}-output-files.xcfilelist",
			);
			runOnlyForDeploymentPostprocessing = 0;
			shellPath = /bin/sh;
			shellScript = "\"${PODS_ROOT}/Target Support Files/Pods-SDU News/Pods-SDU News-frameworks.sh\"\n";
			showEnvVarsInLog = 0;
		};
		ED5838B04BAFFF1F3779A659 /* [CP] Check Pods Manifest.lock */ = {
			isa = PBXShellScriptBuildPhase;
			buildActionMask = 2147483647;
			files = (
			);
			inputFileListPaths = (
			);
			inputPaths = (
				"${PODS_PODFILE_DIR_PATH}/Podfile.lock",
				"${PODS_ROOT}/Manifest.lock",
			);
			name = "[CP] Check Pods Manifest.lock";
			outputFileListPaths = (
			);
			outputPaths = (
				"$(DERIVED_FILE_DIR)/Pods-SDU News-SDU NewsUITests-checkManifestLockResult.txt",
			);
			runOnlyForDeploymentPostprocessing = 0;
			shellPath = /bin/sh;
			shellScript = "diff \"${PODS_PODFILE_DIR_PATH}/Podfile.lock\" \"${PODS_ROOT}/Manifest.lock\" > /dev/null\nif [ $? != 0 ] ; then\n    # print error to STDERR\n    echo \"error: The sandbox is not in sync with the Podfile.lock. Run 'pod install' or update your CocoaPods installation.\" >&2\n    exit 1\nfi\n# This output is used by Xcode 'outputs' to avoid re-running this script phase.\necho \"SUCCESS\" > \"${SCRIPT_OUTPUT_FILE_0}\"\n";
			showEnvVarsInLog = 0;
		};
		F9F0EAB0645B801ADBB655E5 /* [CP] Check Pods Manifest.lock */ = {
			isa = PBXShellScriptBuildPhase;
			buildActionMask = 2147483647;
			files = (
			);
			inputFileListPaths = (
			);
			inputPaths = (
				"${PODS_PODFILE_DIR_PATH}/Podfile.lock",
				"${PODS_ROOT}/Manifest.lock",
			);
			name = "[CP] Check Pods Manifest.lock";
			outputFileListPaths = (
			);
			outputPaths = (
				"$(DERIVED_FILE_DIR)/Pods-SDU NewsTests-checkManifestLockResult.txt",
			);
			runOnlyForDeploymentPostprocessing = 0;
			shellPath = /bin/sh;
			shellScript = "diff \"${PODS_PODFILE_DIR_PATH}/Podfile.lock\" \"${PODS_ROOT}/Manifest.lock\" > /dev/null\nif [ $? != 0 ] ; then\n    # print error to STDERR\n    echo \"error: The sandbox is not in sync with the Podfile.lock. Run 'pod install' or update your CocoaPods installation.\" >&2\n    exit 1\nfi\n# This output is used by Xcode 'outputs' to avoid re-running this script phase.\necho \"SUCCESS\" > \"${SCRIPT_OUTPUT_FILE_0}\"\n";
			showEnvVarsInLog = 0;
		};
/* End PBXShellScriptBuildPhase section */

/* Begin PBXSourcesBuildPhase section */
		D106E7A2299FF46E00F11079 /* Sources */ = {
			isa = PBXSourcesBuildPhase;
			buildActionMask = 2147483647;
			files = (
				D14068E629DEB37200DC218A /* ClubsListViewController.swift in Sources */,
				D170864829C2F42B00AC7E60 /* SignUpViewController.swift in Sources */,
				D17086C429CB0F4A00AC7E60 /* ProfileTableViewCell.swift in Sources */,
				D170863B29C2EDEF00AC7E60 /* HomeViewController.swift in Sources */,
				D170866B29C4CE0300AC7E60 /* RegisterViewViewModel.swift in Sources */,
				D106E7AE299FF46E00F11079 /* TabbarViewController.swift in Sources */,
				D170863F29C2EE0B00AC7E60 /* LostAndFoundViewController.swift in Sources */,
				D106E7B4299FF46F00F11079 /* SDU_News.xcdatamodeld in Sources */,
				D19F725029CEE015003FE71D /* TrendingCollectionViewCell.swift in Sources */,
				D1BDA6EA29D1F61000CEB7CF /* ClubsCollectionViewCell.swift in Sources */,
				D170863D29C2EDFE00AC7E60 /* NewsViewController.swift in Sources */,
				D17086C629CDAF4900AC7E60 /* SettingsViewController.swift in Sources */,
				D170866E29C4D67800AC7E60 /* AuthManager.swift in Sources */,
				D14068EB29E0316500DC218A /* ClubDetailsViewController.swift in Sources */,
				D106E7AA299FF46E00F11079 /* AppDelegate.swift in Sources */,
				D17086C929CDFD5300AC7E60 /* HelpViewController.swift in Sources */,
				D19F724C29CE1CA0003FE71D /* FavoriteViewController.swift in Sources */,
				D19F724E29CE2007003FE71D /* FavoriteTableViewCell.swift in Sources */,
				D128EB5E29D7682400649EF6 /* LostAndFoundCollectionViewCell.swift in Sources */,
				D14068E829DF393900DC218A /* CardsCollectionViewCell.swift in Sources */,
				D170864129C2EE1900AC7E60 /* ProfileViewController.swift in Sources */,
				D170864429C2F3A300AC7E60 /* PopUpViewController.swift in Sources */,
				D14068ED29E6B94100DC218A /* ClubNewsTableViewCell.swift in Sources */,
				D170864629C2F41F00AC7E60 /* SignInViewController.swift in Sources */,
				D106E7AC299FF46E00F11079 /* SceneDelegate.swift in Sources */,
			);
			runOnlyForDeploymentPostprocessing = 0;
		};
		D106E7BB299FF46F00F11079 /* Sources */ = {
			isa = PBXSourcesBuildPhase;
			buildActionMask = 2147483647;
			files = (
				D106E7C4299FF46F00F11079 /* SDU_NewsTests.swift in Sources */,
			);
			runOnlyForDeploymentPostprocessing = 0;
		};
		D106E7C5299FF46F00F11079 /* Sources */ = {
			isa = PBXSourcesBuildPhase;
			buildActionMask = 2147483647;
			files = (
				D106E7D0299FF46F00F11079 /* SDU_NewsUITestsLaunchTests.swift in Sources */,
				D106E7CE299FF46F00F11079 /* SDU_NewsUITests.swift in Sources */,
			);
			runOnlyForDeploymentPostprocessing = 0;
		};
/* End PBXSourcesBuildPhase section */

/* Begin PBXTargetDependency section */
		D106E7C1299FF46F00F11079 /* PBXTargetDependency */ = {
			isa = PBXTargetDependency;
			target = D106E7A5299FF46E00F11079 /* SDU News */;
			targetProxy = D106E7C0299FF46F00F11079 /* PBXContainerItemProxy */;
		};
		D106E7CB299FF46F00F11079 /* PBXTargetDependency */ = {
			isa = PBXTargetDependency;
			target = D106E7A5299FF46E00F11079 /* SDU News */;
			targetProxy = D106E7CA299FF46F00F11079 /* PBXContainerItemProxy */;
		};
/* End PBXTargetDependency section */

/* Begin PBXVariantGroup section */
		D106E7B7299FF46F00F11079 /* LaunchScreen.storyboard */ = {
			isa = PBXVariantGroup;
			children = (
				D106E7B8299FF46F00F11079 /* Base */,
			);
			name = LaunchScreen.storyboard;
			sourceTree = "<group>";
		};
/* End PBXVariantGroup section */

/* Begin XCBuildConfiguration section */
		D106E7D1299FF46F00F11079 /* Debug */ = {
			isa = XCBuildConfiguration;
			buildSettings = {
				ALWAYS_SEARCH_USER_PATHS = NO;
				CLANG_ANALYZER_NONNULL = YES;
				CLANG_ANALYZER_NUMBER_OBJECT_CONVERSION = YES_AGGRESSIVE;
				CLANG_CXX_LANGUAGE_STANDARD = "gnu++20";
				CLANG_ENABLE_MODULES = YES;
				CLANG_ENABLE_OBJC_ARC = YES;
				CLANG_ENABLE_OBJC_WEAK = YES;
				CLANG_WARN_BLOCK_CAPTURE_AUTORELEASING = YES;
				CLANG_WARN_BOOL_CONVERSION = YES;
				CLANG_WARN_COMMA = YES;
				CLANG_WARN_CONSTANT_CONVERSION = YES;
				CLANG_WARN_DEPRECATED_OBJC_IMPLEMENTATIONS = YES;
				CLANG_WARN_DIRECT_OBJC_ISA_USAGE = YES_ERROR;
				CLANG_WARN_DOCUMENTATION_COMMENTS = YES;
				CLANG_WARN_EMPTY_BODY = YES;
				CLANG_WARN_ENUM_CONVERSION = YES;
				CLANG_WARN_INFINITE_RECURSION = YES;
				CLANG_WARN_INT_CONVERSION = YES;
				CLANG_WARN_NON_LITERAL_NULL_CONVERSION = YES;
				CLANG_WARN_OBJC_IMPLICIT_RETAIN_SELF = YES;
				CLANG_WARN_OBJC_LITERAL_CONVERSION = YES;
				CLANG_WARN_OBJC_ROOT_CLASS = YES_ERROR;
				CLANG_WARN_QUOTED_INCLUDE_IN_FRAMEWORK_HEADER = YES;
				CLANG_WARN_RANGE_LOOP_ANALYSIS = YES;
				CLANG_WARN_STRICT_PROTOTYPES = YES;
				CLANG_WARN_SUSPICIOUS_MOVE = YES;
				CLANG_WARN_UNGUARDED_AVAILABILITY = YES_AGGRESSIVE;
				CLANG_WARN_UNREACHABLE_CODE = YES;
				CLANG_WARN__DUPLICATE_METHOD_MATCH = YES;
				COPY_PHASE_STRIP = NO;
				DEBUG_INFORMATION_FORMAT = dwarf;
				ENABLE_STRICT_OBJC_MSGSEND = YES;
				ENABLE_TESTABILITY = YES;
				GCC_C_LANGUAGE_STANDARD = gnu11;
				GCC_DYNAMIC_NO_PIC = NO;
				GCC_NO_COMMON_BLOCKS = YES;
				GCC_OPTIMIZATION_LEVEL = 0;
				GCC_PREPROCESSOR_DEFINITIONS = (
					"DEBUG=1",
					"$(inherited)",
				);
				GCC_WARN_64_TO_32_BIT_CONVERSION = YES;
				GCC_WARN_ABOUT_RETURN_TYPE = YES_ERROR;
				GCC_WARN_UNDECLARED_SELECTOR = YES;
				GCC_WARN_UNINITIALIZED_AUTOS = YES_AGGRESSIVE;
				GCC_WARN_UNUSED_FUNCTION = YES;
				GCC_WARN_UNUSED_VARIABLE = YES;
				IPHONEOS_DEPLOYMENT_TARGET = 16.2;
				MTL_ENABLE_DEBUG_INFO = INCLUDE_SOURCE;
				MTL_FAST_MATH = YES;
				ONLY_ACTIVE_ARCH = YES;
				SDKROOT = iphoneos;
				SWIFT_ACTIVE_COMPILATION_CONDITIONS = DEBUG;
				SWIFT_OPTIMIZATION_LEVEL = "-Onone";
			};
			name = Debug;
		};
		D106E7D2299FF46F00F11079 /* Release */ = {
			isa = XCBuildConfiguration;
			buildSettings = {
				ALWAYS_SEARCH_USER_PATHS = NO;
				CLANG_ANALYZER_NONNULL = YES;
				CLANG_ANALYZER_NUMBER_OBJECT_CONVERSION = YES_AGGRESSIVE;
				CLANG_CXX_LANGUAGE_STANDARD = "gnu++20";
				CLANG_ENABLE_MODULES = YES;
				CLANG_ENABLE_OBJC_ARC = YES;
				CLANG_ENABLE_OBJC_WEAK = YES;
				CLANG_WARN_BLOCK_CAPTURE_AUTORELEASING = YES;
				CLANG_WARN_BOOL_CONVERSION = YES;
				CLANG_WARN_COMMA = YES;
				CLANG_WARN_CONSTANT_CONVERSION = YES;
				CLANG_WARN_DEPRECATED_OBJC_IMPLEMENTATIONS = YES;
				CLANG_WARN_DIRECT_OBJC_ISA_USAGE = YES_ERROR;
				CLANG_WARN_DOCUMENTATION_COMMENTS = YES;
				CLANG_WARN_EMPTY_BODY = YES;
				CLANG_WARN_ENUM_CONVERSION = YES;
				CLANG_WARN_INFINITE_RECURSION = YES;
				CLANG_WARN_INT_CONVERSION = YES;
				CLANG_WARN_NON_LITERAL_NULL_CONVERSION = YES;
				CLANG_WARN_OBJC_IMPLICIT_RETAIN_SELF = YES;
				CLANG_WARN_OBJC_LITERAL_CONVERSION = YES;
				CLANG_WARN_OBJC_ROOT_CLASS = YES_ERROR;
				CLANG_WARN_QUOTED_INCLUDE_IN_FRAMEWORK_HEADER = YES;
				CLANG_WARN_RANGE_LOOP_ANALYSIS = YES;
				CLANG_WARN_STRICT_PROTOTYPES = YES;
				CLANG_WARN_SUSPICIOUS_MOVE = YES;
				CLANG_WARN_UNGUARDED_AVAILABILITY = YES_AGGRESSIVE;
				CLANG_WARN_UNREACHABLE_CODE = YES;
				CLANG_WARN__DUPLICATE_METHOD_MATCH = YES;
				COPY_PHASE_STRIP = NO;
				DEBUG_INFORMATION_FORMAT = "dwarf-with-dsym";
				ENABLE_NS_ASSERTIONS = NO;
				ENABLE_STRICT_OBJC_MSGSEND = YES;
				GCC_C_LANGUAGE_STANDARD = gnu11;
				GCC_NO_COMMON_BLOCKS = YES;
				GCC_WARN_64_TO_32_BIT_CONVERSION = YES;
				GCC_WARN_ABOUT_RETURN_TYPE = YES_ERROR;
				GCC_WARN_UNDECLARED_SELECTOR = YES;
				GCC_WARN_UNINITIALIZED_AUTOS = YES_AGGRESSIVE;
				GCC_WARN_UNUSED_FUNCTION = YES;
				GCC_WARN_UNUSED_VARIABLE = YES;
				IPHONEOS_DEPLOYMENT_TARGET = 16.2;
				MTL_ENABLE_DEBUG_INFO = NO;
				MTL_FAST_MATH = YES;
				SDKROOT = iphoneos;
				SWIFT_COMPILATION_MODE = wholemodule;
				SWIFT_OPTIMIZATION_LEVEL = "-O";
				VALIDATE_PRODUCT = YES;
			};
			name = Release;
		};
		D106E7D4299FF46F00F11079 /* Debug */ = {
			isa = XCBuildConfiguration;
			baseConfigurationReference = EE13426E25DA3936806D18A1 /* Pods-SDU News.debug.xcconfig */;
			buildSettings = {
				ASSETCATALOG_COMPILER_APPICON_NAME = AppIcon;
				ASSETCATALOG_COMPILER_GLOBAL_ACCENT_COLOR_NAME = AccentColor;
				CODE_SIGN_STYLE = Automatic;
				CURRENT_PROJECT_VERSION = 1;
				DEVELOPMENT_TEAM = R45WMW8LSD;
				GENERATE_INFOPLIST_FILE = YES;
				INFOPLIST_FILE = "SDU News/Info.plist";
				INFOPLIST_KEY_UIApplicationSupportsIndirectInputEvents = YES;
				INFOPLIST_KEY_UILaunchStoryboardName = LaunchScreen;
				INFOPLIST_KEY_UISupportedInterfaceOrientations_iPad = "UIInterfaceOrientationPortrait UIInterfaceOrientationPortraitUpsideDown UIInterfaceOrientationLandscapeLeft UIInterfaceOrientationLandscapeRight";
				INFOPLIST_KEY_UISupportedInterfaceOrientations_iPhone = "UIInterfaceOrientationPortrait UIInterfaceOrientationLandscapeLeft UIInterfaceOrientationLandscapeRight";
				LD_RUNPATH_SEARCH_PATHS = (
					"$(inherited)",
					"@executable_path/Frameworks",
				);
				MARKETING_VERSION = 1.0;
				PRODUCT_BUNDLE_IDENTIFIER = "com.mukhammed.SDU-News";
				PRODUCT_NAME = "$(TARGET_NAME)";
				SWIFT_EMIT_LOC_STRINGS = YES;
				SWIFT_VERSION = 5.0;
				TARGETED_DEVICE_FAMILY = "1,2";
			};
			name = Debug;
		};
		D106E7D5299FF46F00F11079 /* Release */ = {
			isa = XCBuildConfiguration;
			baseConfigurationReference = 52B1F6D021A50D54BC7FA686 /* Pods-SDU News.release.xcconfig */;
			buildSettings = {
				ASSETCATALOG_COMPILER_APPICON_NAME = AppIcon;
				ASSETCATALOG_COMPILER_GLOBAL_ACCENT_COLOR_NAME = AccentColor;
				CODE_SIGN_STYLE = Automatic;
				CURRENT_PROJECT_VERSION = 1;
				DEVELOPMENT_TEAM = R45WMW8LSD;
				GENERATE_INFOPLIST_FILE = YES;
				INFOPLIST_FILE = "SDU News/Info.plist";
				INFOPLIST_KEY_UIApplicationSupportsIndirectInputEvents = YES;
				INFOPLIST_KEY_UILaunchStoryboardName = LaunchScreen;
				INFOPLIST_KEY_UISupportedInterfaceOrientations_iPad = "UIInterfaceOrientationPortrait UIInterfaceOrientationPortraitUpsideDown UIInterfaceOrientationLandscapeLeft UIInterfaceOrientationLandscapeRight";
				INFOPLIST_KEY_UISupportedInterfaceOrientations_iPhone = "UIInterfaceOrientationPortrait UIInterfaceOrientationLandscapeLeft UIInterfaceOrientationLandscapeRight";
				LD_RUNPATH_SEARCH_PATHS = (
					"$(inherited)",
					"@executable_path/Frameworks",
				);
				MARKETING_VERSION = 1.0;
				PRODUCT_BUNDLE_IDENTIFIER = "com.mukhammed.SDU-News";
				PRODUCT_NAME = "$(TARGET_NAME)";
				SWIFT_EMIT_LOC_STRINGS = YES;
				SWIFT_VERSION = 5.0;
				TARGETED_DEVICE_FAMILY = "1,2";
			};
			name = Release;
		};
		D106E7D7299FF46F00F11079 /* Debug */ = {
			isa = XCBuildConfiguration;
			baseConfigurationReference = D4338AE74D8DDB037DC3CBFD /* Pods-SDU NewsTests.debug.xcconfig */;
			buildSettings = {
				ALWAYS_EMBED_SWIFT_STANDARD_LIBRARIES = YES;
				BUNDLE_LOADER = "$(TEST_HOST)";
				CODE_SIGN_STYLE = Automatic;
				CURRENT_PROJECT_VERSION = 1;
				DEVELOPMENT_TEAM = R45WMW8LSD;
				GENERATE_INFOPLIST_FILE = YES;
				IPHONEOS_DEPLOYMENT_TARGET = 16.2;
				MARKETING_VERSION = 1.0;
				PRODUCT_BUNDLE_IDENTIFIER = "com.mukhammed.SDU-NewsTests";
				PRODUCT_NAME = "$(TARGET_NAME)";
				SWIFT_EMIT_LOC_STRINGS = NO;
				SWIFT_VERSION = 5.0;
				TARGETED_DEVICE_FAMILY = "1,2";
				TEST_HOST = "$(BUILT_PRODUCTS_DIR)/SDU News.app/$(BUNDLE_EXECUTABLE_FOLDER_PATH)/SDU News";
			};
			name = Debug;
		};
		D106E7D8299FF46F00F11079 /* Release */ = {
			isa = XCBuildConfiguration;
			baseConfigurationReference = E4FA1D423DCDA269A1FB2C28 /* Pods-SDU NewsTests.release.xcconfig */;
			buildSettings = {
				ALWAYS_EMBED_SWIFT_STANDARD_LIBRARIES = YES;
				BUNDLE_LOADER = "$(TEST_HOST)";
				CODE_SIGN_STYLE = Automatic;
				CURRENT_PROJECT_VERSION = 1;
				DEVELOPMENT_TEAM = R45WMW8LSD;
				GENERATE_INFOPLIST_FILE = YES;
				IPHONEOS_DEPLOYMENT_TARGET = 16.2;
				MARKETING_VERSION = 1.0;
				PRODUCT_BUNDLE_IDENTIFIER = "com.mukhammed.SDU-NewsTests";
				PRODUCT_NAME = "$(TARGET_NAME)";
				SWIFT_EMIT_LOC_STRINGS = NO;
				SWIFT_VERSION = 5.0;
				TARGETED_DEVICE_FAMILY = "1,2";
				TEST_HOST = "$(BUILT_PRODUCTS_DIR)/SDU News.app/$(BUNDLE_EXECUTABLE_FOLDER_PATH)/SDU News";
			};
			name = Release;
		};
		D106E7DA299FF46F00F11079 /* Debug */ = {
			isa = XCBuildConfiguration;
			baseConfigurationReference = 92BC2CFB365E2DC607BC0E44 /* Pods-SDU News-SDU NewsUITests.debug.xcconfig */;
			buildSettings = {
				ALWAYS_EMBED_SWIFT_STANDARD_LIBRARIES = YES;
				CODE_SIGN_STYLE = Automatic;
				CURRENT_PROJECT_VERSION = 1;
				DEVELOPMENT_TEAM = R45WMW8LSD;
				GENERATE_INFOPLIST_FILE = YES;
				MARKETING_VERSION = 1.0;
				PRODUCT_BUNDLE_IDENTIFIER = "com.mukhammed.SDU-NewsUITests";
				PRODUCT_NAME = "$(TARGET_NAME)";
				SWIFT_EMIT_LOC_STRINGS = NO;
				SWIFT_VERSION = 5.0;
				TARGETED_DEVICE_FAMILY = "1,2";
				TEST_TARGET_NAME = "SDU News";
			};
			name = Debug;
		};
		D106E7DB299FF46F00F11079 /* Release */ = {
			isa = XCBuildConfiguration;
			baseConfigurationReference = 26A71EB73D5F78FFD785C96A /* Pods-SDU News-SDU NewsUITests.release.xcconfig */;
			buildSettings = {
				ALWAYS_EMBED_SWIFT_STANDARD_LIBRARIES = YES;
				CODE_SIGN_STYLE = Automatic;
				CURRENT_PROJECT_VERSION = 1;
				DEVELOPMENT_TEAM = R45WMW8LSD;
				GENERATE_INFOPLIST_FILE = YES;
				MARKETING_VERSION = 1.0;
				PRODUCT_BUNDLE_IDENTIFIER = "com.mukhammed.SDU-NewsUITests";
				PRODUCT_NAME = "$(TARGET_NAME)";
				SWIFT_EMIT_LOC_STRINGS = NO;
				SWIFT_VERSION = 5.0;
				TARGETED_DEVICE_FAMILY = "1,2";
				TEST_TARGET_NAME = "SDU News";
			};
			name = Release;
		};
/* End XCBuildConfiguration section */

/* Begin XCConfigurationList section */
		D106E7A1299FF46E00F11079 /* Build configuration list for PBXProject "SDU News" */ = {
			isa = XCConfigurationList;
			buildConfigurations = (
				D106E7D1299FF46F00F11079 /* Debug */,
				D106E7D2299FF46F00F11079 /* Release */,
			);
			defaultConfigurationIsVisible = 0;
			defaultConfigurationName = Release;
		};
		D106E7D3299FF46F00F11079 /* Build configuration list for PBXNativeTarget "SDU News" */ = {
			isa = XCConfigurationList;
			buildConfigurations = (
				D106E7D4299FF46F00F11079 /* Debug */,
				D106E7D5299FF46F00F11079 /* Release */,
			);
			defaultConfigurationIsVisible = 0;
			defaultConfigurationName = Release;
		};
		D106E7D6299FF46F00F11079 /* Build configuration list for PBXNativeTarget "SDU NewsTests" */ = {
			isa = XCConfigurationList;
			buildConfigurations = (
				D106E7D7299FF46F00F11079 /* Debug */,
				D106E7D8299FF46F00F11079 /* Release */,
			);
			defaultConfigurationIsVisible = 0;
			defaultConfigurationName = Release;
		};
		D106E7D9299FF46F00F11079 /* Build configuration list for PBXNativeTarget "SDU NewsUITests" */ = {
			isa = XCConfigurationList;
			buildConfigurations = (
				D106E7DA299FF46F00F11079 /* Debug */,
				D106E7DB299FF46F00F11079 /* Release */,
			);
			defaultConfigurationIsVisible = 0;
			defaultConfigurationName = Release;
		};
/* End XCConfigurationList section */

/* Begin XCRemoteSwiftPackageReference section */
		D17086AC29C4F32E00AC7E60 /* XCRemoteSwiftPackageReference "firebase-ios-sdk" */ = {
			isa = XCRemoteSwiftPackageReference;
			repositoryURL = "https://github.com/firebase/firebase-ios-sdk";
			requirement = {
				branch = "release-10.0";
				kind = branch;
			};
		};
/* End XCRemoteSwiftPackageReference section */

/* Begin XCSwiftPackageProductDependency section */
		D17086AD29C4F32E00AC7E60 /* FirebaseAuth */ = {
			isa = XCSwiftPackageProductDependency;
			package = D17086AC29C4F32E00AC7E60 /* XCRemoteSwiftPackageReference "firebase-ios-sdk" */;
			productName = FirebaseAuth;
		};
		D17086AF29C4F32E00AC7E60 /* FirebaseAuthCombine-Community */ = {
			isa = XCSwiftPackageProductDependency;
			package = D17086AC29C4F32E00AC7E60 /* XCRemoteSwiftPackageReference "firebase-ios-sdk" */;
			productName = "FirebaseAuthCombine-Community";
		};
		D17086B129C4F32E00AC7E60 /* FirebaseDatabase */ = {
			isa = XCSwiftPackageProductDependency;
			package = D17086AC29C4F32E00AC7E60 /* XCRemoteSwiftPackageReference "firebase-ios-sdk" */;
			productName = FirebaseDatabase;
		};
		D17086B329C4F32E00AC7E60 /* FirebaseDatabaseSwift */ = {
			isa = XCSwiftPackageProductDependency;
			package = D17086AC29C4F32E00AC7E60 /* XCRemoteSwiftPackageReference "firebase-ios-sdk" */;
			productName = FirebaseDatabaseSwift;
		};
		D17086B529C4F32E00AC7E60 /* FirebaseFirestore */ = {
			isa = XCSwiftPackageProductDependency;
			package = D17086AC29C4F32E00AC7E60 /* XCRemoteSwiftPackageReference "firebase-ios-sdk" */;
			productName = FirebaseFirestore;
		};
		D17086B729C4F32E00AC7E60 /* FirebaseFirestoreCombine-Community */ = {
			isa = XCSwiftPackageProductDependency;
			package = D17086AC29C4F32E00AC7E60 /* XCRemoteSwiftPackageReference "firebase-ios-sdk" */;
			productName = "FirebaseFirestoreCombine-Community";
		};
		D17086B929C4F32E00AC7E60 /* FirebaseFirestoreSwift */ = {
			isa = XCSwiftPackageProductDependency;
			package = D17086AC29C4F32E00AC7E60 /* XCRemoteSwiftPackageReference "firebase-ios-sdk" */;
			productName = FirebaseFirestoreSwift;
		};
		D17086BB29C4F32E00AC7E60 /* FirebaseStorage */ = {
			isa = XCSwiftPackageProductDependency;
			package = D17086AC29C4F32E00AC7E60 /* XCRemoteSwiftPackageReference "firebase-ios-sdk" */;
			productName = FirebaseStorage;
		};
		D17086BD29C4F32E00AC7E60 /* FirebaseStorageCombine-Community */ = {
			isa = XCSwiftPackageProductDependency;
			package = D17086AC29C4F32E00AC7E60 /* XCRemoteSwiftPackageReference "firebase-ios-sdk" */;
			productName = "FirebaseStorageCombine-Community";
		};
/* End XCSwiftPackageProductDependency section */

/* Begin XCVersionGroup section */
		D106E7B2299FF46F00F11079 /* SDU_News.xcdatamodeld */ = {
			isa = XCVersionGroup;
			children = (
				D106E7B3299FF46F00F11079 /* SDU_News.xcdatamodel */,
			);
			currentVersion = D106E7B3299FF46F00F11079 /* SDU_News.xcdatamodel */;
			path = SDU_News.xcdatamodeld;
			sourceTree = "<group>";
			versionGroupType = wrapper.xcdatamodel;
		};
/* End XCVersionGroup section */
	};
	rootObject = D106E79E299FF46E00F11079 /* Project object */;
}
